
Microsoft Visual Studio Solution File, Format Version 12.00
# Visual Studio Version 17
VisualStudioVersion = 17.14.36121.58
MinimumVisualStudioVersion = 10.0.40219.1
Project("{FAE04EC0-301F-11D3-BF4B-00C04F79EFBC}") = "Feel2Scale", "Feel2Scale.csproj", "{6CBC9AE8-2971-413E-A496-C62843329254}"
EndProject
Project("{FAE04EC0-301F-11D3-BF4B-00C04F79EFBC}") = "OpenAIApi", "..\OpenAIApi\OpenAIApi.csproj", "{3128429A-91F3-42E8-9DFB-7C03F67F7F24}"
EndProject
Project("{FAE04EC0-301F-11D3-BF4B-00C04F79EFBC}") = "Feel2Scale.Data", "..\Feel2Scale.Data\Feel2Scale.Data.csproj", "{FE67A8D1-2BF9-4B28-8FF6-438456D8B1BA}"
EndProject
Project("{FAE04EC0-301F-11D3-BF4B-00C04F79EFBC}") = "Feel2Scale.Configuration", "..\Feel2Scale.Configuration\Feel2Scale.Configuration.csproj", "{A53377B2-C222-4770-BBC7-7A4D5C5C7881}"
EndProject
Project("{FAE04EC0-301F-11D3-BF4B-00C04F79EFBC}") = "Feel2Scale.API", "..\Feel2Scale.API\Feel2Scale.API.csproj", "{CBFFBA78-D90F-476F-B151-833F064DBBD9}"
EndProject
Global
	GlobalSection(SolutionConfigurationPlatforms) = preSolution
		Debug|Any CPU = Debug|Any CPU
		Release|Any CPU = Release|Any CPU
	EndGlobalSection
	GlobalSection(ProjectConfigurationPlatforms) = postSolution
		{6CBC9AE8-2971-413E-A496-C62843329254}.Debug|Any CPU.ActiveCfg = Debug|Any CPU
		{6CBC9AE8-2971-413E-A496-C62843329254}.Debug|Any CPU.Build.0 = Debug|Any CPU
		{6CBC9AE8-2971-413E-A496-C62843329254}.Release|Any CPU.ActiveCfg = Release|Any CPU
		{6CBC9AE8-2971-413E-A496-C62843329254}.Release|Any CPU.Build.0 = Release|Any CPU
		{3128429A-91F3-42E8-9DFB-7C03F67F7F24}.Debug|Any CPU.ActiveCfg = Debug|Any CPU
		{3128429A-91F3-42E8-9DFB-7C03F67F7F24}.Debug|Any CPU.Build.0 = Debug|Any CPU
		{3128429A-91F3-42E8-9DFB-7C03F67F7F24}.Release|Any CPU.ActiveCfg = Release|Any CPU
		{3128429A-91F3-42E8-9DFB-7C03F67F7F24}.Release|Any CPU.Build.0 = Release|Any CPU
		{FE67A8D1-2BF9-4B28-8FF6-438456D8B1BA}.Debug|Any CPU.ActiveCfg = Debug|Any CPU
		{FE67A8D1-2BF9-4B28-8FF6-438456D8B1BA}.Debug|Any CPU.Build.0 = Debug|Any CPU
		{FE67A8D1-2BF9-4B28-8FF6-438456D8B1BA}.Release|Any CPU.ActiveCfg = Release|Any CPU
		{FE67A8D1-2BF9-4B28-8FF6-438456D8B1BA}.Release|Any CPU.Build.0 = Release|Any CPU
		{A53377B2-C222-4770-BBC7-7A4D5C5C7881}.Debug|Any CPU.ActiveCfg = Debug|Any CPU
		{A53377B2-C222-4770-BBC7-7A4D5C5C7881}.Debug|Any CPU.Build.0 = Debug|Any CPU
		{A53377B2-C222-4770-BBC7-7A4D5C5C7881}.Release|Any CPU.ActiveCfg = Release|Any CPU
		{A53377B2-C222-4770-BBC7-7A4D5C5C7881}.Release|Any CPU.Build.0 = Release|Any CPU
		{CBFFBA78-D90F-476F-B151-833F064DBBD9}.Debug|Any CPU.ActiveCfg = Debug|Any CPU
		{CBFFBA78-D90F-476F-B151-833F064DBBD9}.Debug|Any CPU.Build.0 = Debug|Any CPU
		{CBFFBA78-D90F-476F-B151-833F064DBBD9}.Release|Any CPU.ActiveCfg = Release|Any CPU
		{CBFFBA78-D90F-476F-B151-833F064DBBD9}.Release|Any CPU.Build.0 = Release|Any CPU
	EndGlobalSection
	GlobalSection(SolutionProperties) = preSolution
		HideSolutionNode = FALSE
	EndGlobalSection
	GlobalSection(ExtensibilityGlobals) = postSolution
		SolutionGuid = {0EB4DDC8-7C33-4DC7-9F8A-CE59EDACBCD4}
	EndGlobalSection
EndGlobal
